
Microsoft Visual Studio Solution File, Format Version 12.00
# Visual Studio Version 17
VisualStudioVersion = 17.13.35931.197 d17.13
MinimumVisualStudioVersion = 10.0.40219.1
Project("{FAE04EC0-301F-11D3-BF4B-00C04F79EFBC}") = "WindowsFormsApp1", "WindowsFormsApp1\WindowsFormsApp1.csproj", "{005077DB-66E1-4F53-BF16-BF981B2B0A9A}"
EndProject
Global
	GlobalSection(SolutionConfigurationPlatforms) = preSolution
		Debug|Any CPU = Debug|Any CPU
		Release|Any CPU = Release|Any CPU
	EndGlobalSection
	GlobalSection(ProjectConfigurationPlatforms) = postSolution
		{005077DB-66E1-4F53-BF16-BF981B2B0A9A}.Debug|Any CPU.ActiveCfg = Debug|Any CPU
		{005077DB-66E1-4F53-BF16-BF981B2B0A9A}.Debug|Any CPU.Build.0 = Debug|Any CPU
		{005077DB-66E1-4F53-BF16-BF981B2B0A9A}.Release|Any CPU.ActiveCfg = Release|Any CPU
		{005077DB-66E1-4F53-BF16-BF981B2B0A9A}.Release|Any CPU.Build.0 = Release|Any CPU
	EndGlobalSection
	GlobalSection(SolutionProperties) = preSolution
		HideSolutionNode = FALSE
	EndGlobalSection
	GlobalSection(ExtensibilityGlobals) = postSolution
		SolutionGuid = {7C06BC34-0928-4445-9276-499BC2C3019C}
	EndGlobalSection
EndGlobal
